
Microsoft Visual Studio Solution File, Format Version 12.00
# Visual Studio Version 17
VisualStudioVersion = 17.9.34728.123
MinimumVisualStudioVersion = 10.0.40219.1
Project("{FAE04EC0-301F-11D3-BF4B-00C04F79EFBC}") = "Recipe App Manager1", "Recipe App Manager1\Recipe App Manager1.csproj", "{36628AA1-4C5C-4828-8CD0-81972D18BBB8}"
EndProject
Global
	GlobalSection(SolutionConfigurationPlatforms) = preSolution
		Debug|Any CPU = Debug|Any CPU
		Release|Any CPU = Release|Any CPU
	EndGlobalSection
	GlobalSection(ProjectConfigurationPlatforms) = postSolution
		{36628AA1-4C5C-4828-8CD0-81972D18BBB8}.Debug|Any CPU.ActiveCfg = 
		{36628AA1-4C5C-4828-8CD0-81972D18BBB8}.Debug|Any CPU.ActiveCfg = 
		{36628AA1-4C5C-4828-8CD0-81972D18BBB8}.Release|Any CPU.Build.0 = Release|Any CPU
	EndGlobalSection
	GlobalSection(SolutionProperties) = preSolution
		HideSolutionNode = FALSE
	EndGlobalSection
	GlobalSection(ExtensibilityGlobals) = postSolution
		SolutionGuid = {A5666764-6DAD-4054-9D75-867650D33839}
	EndGlobalSection
EndGlobal
